Microsoft Visual Studio Solution File, Format Version 11.00
# Visual Studio 2008

Project("{A8B98921-FA7E-1D16-F5E2-B8A68974AC24}") = "PokemonAttackDemo", "Assembly-CSharp-firstpass.csproj", "{3D4BACD9-C37C-5C76-98C5-054E52D04C7B}"
EndProject
Project("{A8B98921-FA7E-1D16-F5E2-B8A68974AC24}") = "PokemonAttackDemo", "Assembly-CSharp.csproj", "{BD997043-BB71-7D8F-CF2F-A9CF32A52A30}"
EndProject
Project("{A8B98921-FA7E-1D16-F5E2-B8A68974AC24}") = "PokemonAttackDemo", "Assembly-CSharp-Editor.csproj", "{C6CEC6E5-E263-7A0E-2B54-7D46A9C2673C}"
EndProject
Global
	GlobalSection(SolutionConfigurationPlatforms) = preSolution
		Debug|Any CPU = Debug|Any CPU
		Release|Any CPU = Release|Any CPU
	EndGlobalSection
	GlobalSection(ProjectConfigurationPlatforms) = postSolution
		{3D4BACD9-C37C-5C76-98C5-054E52D04C7B}.Debug|Any CPU.ActiveCfg = Debug|Any CPU
		{3D4BACD9-C37C-5C76-98C5-054E52D04C7B}.Debug|Any CPU.Build.0 = Debug|Any CPU
		{3D4BACD9-C37C-5C76-98C5-054E52D04C7B}.Release|Any CPU.ActiveCfg = Release|Any CPU
		{3D4BACD9-C37C-5C76-98C5-054E52D04C7B}.Release|Any CPU.Build.0 = Release|Any CPU
		{BD997043-BB71-7D8F-CF2F-A9CF32A52A30}.Debug|Any CPU.ActiveCfg = Debug|Any CPU
		{BD997043-BB71-7D8F-CF2F-A9CF32A52A30}.Debug|Any CPU.Build.0 = Debug|Any CPU
		{BD997043-BB71-7D8F-CF2F-A9CF32A52A30}.Release|Any CPU.ActiveCfg = Release|Any CPU
		{BD997043-BB71-7D8F-CF2F-A9CF32A52A30}.Release|Any CPU.Build.0 = Release|Any CPU
		{C6CEC6E5-E263-7A0E-2B54-7D46A9C2673C}.Debug|Any CPU.ActiveCfg = Debug|Any CPU
		{C6CEC6E5-E263-7A0E-2B54-7D46A9C2673C}.Debug|Any CPU.Build.0 = Debug|Any CPU
		{C6CEC6E5-E263-7A0E-2B54-7D46A9C2673C}.Release|Any CPU.ActiveCfg = Release|Any CPU
		{C6CEC6E5-E263-7A0E-2B54-7D46A9C2673C}.Release|Any CPU.Build.0 = Release|Any CPU
	EndGlobalSection
	GlobalSection(SolutionProperties) = preSolution
		HideSolutionNode = FALSE
	EndGlobalSection
	GlobalSection(MonoDevelopProperties) = preSolution
		StartupItem = Assembly-CSharp.csproj
	EndGlobalSection
EndGlobal
